
Microsoft Visual Studio Solution File, Format Version 12.00
# Visual Studio Version 17
VisualStudioVersion = 17.13.35931.197
MinimumVisualStudioVersion = 10.0.40219.1
Project("{FAE04EC0-301F-11D3-BF4B-00C04F79EFBC}") = "UnivMate", "UnivMate\UnivMate.csproj", "{D1178C87-CE52-454A-BED5-1F3C3584D928}"
EndProject
Global
	GlobalSection(SolutionConfigurationPlatforms) = preSolution
		Debug|Any CPU = Debug|Any CPU
		Release|Any CPU = Release|Any CPU
	EndGlobalSection
	GlobalSection(ProjectConfigurationPlatforms) = postSolution
		{D1178C87-CE52-454A-BED5-1F3C3584D928}.Debug|Any CPU.ActiveCfg = Debug|Any CPU
		{D1178C87-CE52-454A-BED5-1F3C3584D928}.Debug|Any CPU.Build.0 = Debug|Any CPU
		{D1178C87-CE52-454A-BED5-1F3C3584D928}.Release|Any CPU.ActiveCfg = Release|Any CPU
		{D1178C87-CE52-454A-BED5-1F3C3584D928}.Release|Any CPU.Build.0 = Release|Any CPU
	EndGlobalSection
	GlobalSection(SolutionProperties) = preSolution
		HideSolutionNode = FALSE
	EndGlobalSection
	GlobalSection(ExtensibilityGlobals) = postSolution
		SolutionGuid = {54AD8FD5-F063-4253-86DB-27DCEF48F842}
	EndGlobalSection
EndGlobal
